
Microsoft Visual Studio Solution File, Format Version 12.00
# Visual Studio Version 16
VisualStudioVersion = 16.0.29709.97
MinimumVisualStudioVersion = 10.0.40219.1
Project("{FAE04EC0-301F-11D3-BF4B-00C04F79EFBC}") = "Week3ClassDemo", "Week3ClassDemo\Week3ClassDemo.csproj", "{A79229E6-EC20-4BDA-ADCF-F84B11D4F590}"
EndProject
Global
	GlobalSection(SolutionConfigurationPlatforms) = preSolution
		Debug|Any CPU = Debug|Any CPU
		Release|Any CPU = Release|Any CPU
	EndGlobalSection
	GlobalSection(ProjectConfigurationPlatforms) = postSolution
		{A79229E6-EC20-4BDA-ADCF-F84B11D4F590}.Debug|Any CPU.ActiveCfg = Debug|Any CPU
		{A79229E6-EC20-4BDA-ADCF-F84B11D4F590}.Debug|Any CPU.Build.0 = Debug|Any CPU
		{A79229E6-EC20-4BDA-ADCF-F84B11D4F590}.Release|Any CPU.ActiveCfg = Release|Any CPU
		{A79229E6-EC20-4BDA-ADCF-F84B11D4F590}.Release|Any CPU.Build.0 = Release|Any CPU
	EndGlobalSection
	GlobalSection(SolutionProperties) = preSolution
		HideSolutionNode = FALSE
	EndGlobalSection
	GlobalSection(ExtensibilityGlobals) = postSolution
		SolutionGuid = {2018130B-C657-4079-87AD-7EEE9B2510E5}
	EndGlobalSection
EndGlobal
