
Microsoft Visual Studio Solution File, Format Version 12.00
# Visual Studio Version 16
VisualStudioVersion = 16.0.29709.97
MinimumVisualStudioVersion = 10.0.40219.1
Project("{9A19103F-16F7-4668-BE54-9A1E7A4F7556}") = "Week3ClassDemo", "Week3ClassDemo\Week3ClassDemo.csproj", "{A79229E6-EC20-4BDA-ADCF-F84B11D4F590}"
EndProject
Project("{9A19103F-16F7-4668-BE54-9A1E7A4F7556}") = "Library", "Library\Library.csproj", "{2A86B270-B567-4DFF-8C53-3D23466B6665}"
EndProject
Project("{9A19103F-16F7-4668-BE54-9A1E7A4F7556}") = "DataModels", "DataModels\DataModels.csproj", "{5AB84A55-1BB1-4CE8-A825-058C161559AF}"
EndProject
Project("{9A19103F-16F7-4668-BE54-9A1E7A4F7556}") = "DAL", "DAL\DAL.csproj", "{2A738A52-C78B-45BA-9BB0-10BADB2640AB}"
EndProject
Project("{FAE04EC0-301F-11D3-BF4B-00C04F79EFBC}") = "Whatever", "Whatever\Whatever.csproj", "{29C28479-BEB8-498A-B11A-478635E3E0A5}"
EndProject
Global
	GlobalSection(SolutionConfigurationPlatforms) = preSolution
		Debug|Any CPU = Debug|Any CPU
		Release|Any CPU = Release|Any CPU
	EndGlobalSection
	GlobalSection(ProjectConfigurationPlatforms) = postSolution
		{A79229E6-EC20-4BDA-ADCF-F84B11D4F590}.Debug|Any CPU.ActiveCfg = Debug|Any CPU
		{A79229E6-EC20-4BDA-ADCF-F84B11D4F590}.Debug|Any CPU.Build.0 = Debug|Any CPU
		{A79229E6-EC20-4BDA-ADCF-F84B11D4F590}.Release|Any CPU.ActiveCfg = Release|Any CPU
		{A79229E6-EC20-4BDA-ADCF-F84B11D4F590}.Release|Any CPU.Build.0 = Release|Any CPU
		{2A86B270-B567-4DFF-8C53-3D23466B6665}.Debug|Any CPU.ActiveCfg = Debug|Any CPU
		{2A86B270-B567-4DFF-8C53-3D23466B6665}.Debug|Any CPU.Build.0 = Debug|Any CPU
		{2A86B270-B567-4DFF-8C53-3D23466B6665}.Release|Any CPU.ActiveCfg = Release|Any CPU
		{2A86B270-B567-4DFF-8C53-3D23466B6665}.Release|Any CPU.Build.0 = Release|Any CPU
		{5AB84A55-1BB1-4CE8-A825-058C161559AF}.Debug|Any CPU.ActiveCfg = Debug|Any CPU
		{5AB84A55-1BB1-4CE8-A825-058C161559AF}.Debug|Any CPU.Build.0 = Debug|Any CPU
		{5AB84A55-1BB1-4CE8-A825-058C161559AF}.Release|Any CPU.ActiveCfg = Release|Any CPU
		{5AB84A55-1BB1-4CE8-A825-058C161559AF}.Release|Any CPU.Build.0 = Release|Any CPU
		{2A738A52-C78B-45BA-9BB0-10BADB2640AB}.Debug|Any CPU.ActiveCfg = Debug|Any CPU
		{2A738A52-C78B-45BA-9BB0-10BADB2640AB}.Debug|Any CPU.Build.0 = Debug|Any CPU
		{2A738A52-C78B-45BA-9BB0-10BADB2640AB}.Release|Any CPU.ActiveCfg = Release|Any CPU
		{2A738A52-C78B-45BA-9BB0-10BADB2640AB}.Release|Any CPU.Build.0 = Release|Any CPU
		{29C28479-BEB8-498A-B11A-478635E3E0A5}.Debug|Any CPU.ActiveCfg = Debug|Any CPU
		{29C28479-BEB8-498A-B11A-478635E3E0A5}.Debug|Any CPU.Build.0 = Debug|Any CPU
		{29C28479-BEB8-498A-B11A-478635E3E0A5}.Release|Any CPU.ActiveCfg = Release|Any CPU
		{29C28479-BEB8-498A-B11A-478635E3E0A5}.Release|Any CPU.Build.0 = Release|Any CPU
	EndGlobalSection
	GlobalSection(SolutionProperties) = preSolution
		HideSolutionNode = FALSE
	EndGlobalSection
	GlobalSection(ExtensibilityGlobals) = postSolution
		SolutionGuid = {2018130B-C657-4079-87AD-7EEE9B2510E5}
	EndGlobalSection
EndGlobal
